
Microsoft Visual Studio Solution File, Format Version 12.00
Project("{FAE04EC0-301F-11D3-BF4B-00C04F79EFBC}") = "SolarWatch", "SolarWatch\SolarWatch.csproj", "{B16587C3-F43E-4120-B18F-B1349FBC30CD}"
EndProject
Project("{FAE04EC0-301F-11D3-BF4B-00C04F79EFBC}") = "SolarWatchTest", "SolarWatchTest\SolarWatchTest.csproj", "{E861FF02-B84E-409B-8018-3196CE2ABCD4}"
EndProject
Project("{FAE04EC0-301F-11D3-BF4B-00C04F79EFBC}") = "SolarWatchIntegrationTests", "SolarWatchIntegrationTests\SolarWatchIntegrationTests.csproj", "{587ADFC2-985D-49E3-BDB9-3A3CC6619F8C}"
EndProject
Global
	GlobalSection(SolutionConfigurationPlatforms) = preSolution
		Debug|Any CPU = Debug|Any CPU
		Release|Any CPU = Release|Any CPU
	EndGlobalSection
	GlobalSection(ProjectConfigurationPlatforms) = postSolution
		{B16587C3-F43E-4120-B18F-B1349FBC30CD}.Debug|Any CPU.ActiveCfg = Debug|Any CPU
		{B16587C3-F43E-4120-B18F-B1349FBC30CD}.Debug|Any CPU.Build.0 = Debug|Any CPU
		{B16587C3-F43E-4120-B18F-B1349FBC30CD}.Release|Any CPU.ActiveCfg = Release|Any CPU
		{B16587C3-F43E-4120-B18F-B1349FBC30CD}.Release|Any CPU.Build.0 = Release|Any CPU
		{E861FF02-B84E-409B-8018-3196CE2ABCD4}.Debug|Any CPU.ActiveCfg = Debug|Any CPU
		{E861FF02-B84E-409B-8018-3196CE2ABCD4}.Debug|Any CPU.Build.0 = Debug|Any CPU
		{E861FF02-B84E-409B-8018-3196CE2ABCD4}.Release|Any CPU.ActiveCfg = Release|Any CPU
		{E861FF02-B84E-409B-8018-3196CE2ABCD4}.Release|Any CPU.Build.0 = Release|Any CPU
		{587ADFC2-985D-49E3-BDB9-3A3CC6619F8C}.Debug|Any CPU.ActiveCfg = Debug|Any CPU
		{587ADFC2-985D-49E3-BDB9-3A3CC6619F8C}.Debug|Any CPU.Build.0 = Debug|Any CPU
		{587ADFC2-985D-49E3-BDB9-3A3CC6619F8C}.Release|Any CPU.ActiveCfg = Release|Any CPU
		{587ADFC2-985D-49E3-BDB9-3A3CC6619F8C}.Release|Any CPU.Build.0 = Release|Any CPU
	EndGlobalSection
EndGlobal
